
Microsoft Visual Studio Solution File, Format Version 12.00
# Visual Studio 2012
Project("{8BC9CEB8-8B4A-11D0-8D11-00A0C91BC942}") = "Dunjun", "Dunjun.vcxproj", "{32BE087B-4EC5-4B45-BC82-463056BBE681}"
EndProject
Global
	GlobalSection(SolutionConfigurationPlatforms) = preSolution
		Debug|Win32 = Debug|Win32
		Release|Win32 = Release|Win32
	EndGlobalSection
	GlobalSection(ProjectConfigurationPlatforms) = postSolution
		{32BE087B-4EC5-4B45-BC82-463056BBE681}.Debug|Win32.ActiveCfg = Debug|Win32
		{32BE087B-4EC5-4B45-BC82-463056BBE681}.Debug|Win32.Build.0 = Debug|Win32
		{32BE087B-4EC5-4B45-BC82-463056BBE681}.Release|Win32.ActiveCfg = Release|Win32
		{32BE087B-4EC5-4B45-BC82-463056BBE681}.Release|Win32.Build.0 = Release|Win32
	EndGlobalSection
	GlobalSection(SolutionProperties) = preSolution
		HideSolutionNode = FALSE
	EndGlobalSection
EndGlobal
